
Microsoft Visual Studio Solution File, Format Version 12.00
# Visual Studio Version 17
VisualStudioVersion = 17.14.37411.7 d17.14
MinimumVisualStudioVersion = 10.0.40219.1
Project("{FAE04EC0-301F-11D3-BF4B-00C04F79EFBC}") = "CCB_Mapas_App", "CCB_Mapas_App.csproj", "{CE43F9FB-6F2B-4F61-8D78-0D9BA9AE68B9}"
EndProject
Global
	GlobalSection(SolutionConfigurationPlatforms) = preSolution
		Debug|Any CPU = Debug|Any CPU
		Release|Any CPU = Release|Any CPU
	EndGlobalSection
	GlobalSection(ProjectConfigurationPlatforms) = postSolution
		{CE43F9FB-6F2B-4F61-8D78-0D9BA9AE68B9}.Debug|Any CPU.ActiveCfg = Debug|Any CPU
		{CE43F9FB-6F2B-4F61-8D78-0D9BA9AE68B9}.Debug|Any CPU.Build.0 = Debug|Any CPU
		{CE43F9FB-6F2B-4F61-8D78-0D9BA9AE68B9}.Debug|Any CPU.Deploy.0 = Debug|Any CPU
		{CE43F9FB-6F2B-4F61-8D78-0D9BA9AE68B9}.Release|Any CPU.ActiveCfg = Release|Any CPU
		{CE43F9FB-6F2B-4F61-8D78-0D9BA9AE68B9}.Release|Any CPU.Build.0 = Release|Any CPU
		{CE43F9FB-6F2B-4F61-8D78-0D9BA9AE68B9}.Release|Any CPU.Deploy.0 = Release|Any CPU
	EndGlobalSection
	GlobalSection(SolutionProperties) = preSolution
		HideSolutionNode = FALSE
	EndGlobalSection
	GlobalSection(ExtensibilityGlobals) = postSolution
		SolutionGuid = {4A861A43-B6A9-4E4A-A22C-A1903E743C21}
	EndGlobalSection
EndGlobal
